
Microsoft Visual Studio Solution File, Format Version 12.00
# Visual Studio Version 16
VisualStudioVersion = 16.0.31019.35
MinimumVisualStudioVersion = 10.0.40219.1
Project("{FAE04EC0-301F-11D3-BF4B-00C04F79EFBC}") = "Exercise 4.1", "Exercise 4.1\Exercise 4.1.csproj", "{20C54FF0-E382-431A-B028-AFD77776862C}"
EndProject
Global
	GlobalSection(SolutionConfigurationPlatforms) = preSolution
		Debug|Any CPU = Debug|Any CPU
		Release|Any CPU = Release|Any CPU
	EndGlobalSection
	GlobalSection(ProjectConfigurationPlatforms) = postSolution
		{20C54FF0-E382-431A-B028-AFD77776862C}.Debug|Any CPU.ActiveCfg = Debug|Any CPU
		{20C54FF0-E382-431A-B028-AFD77776862C}.Debug|Any CPU.Build.0 = Debug|Any CPU
		{20C54FF0-E382-431A-B028-AFD77776862C}.Release|Any CPU.ActiveCfg = Release|Any CPU
		{20C54FF0-E382-431A-B028-AFD77776862C}.Release|Any CPU.Build.0 = Release|Any CPU
	EndGlobalSection
	GlobalSection(SolutionProperties) = preSolution
		HideSolutionNode = FALSE
	EndGlobalSection
	GlobalSection(ExtensibilityGlobals) = postSolution
		SolutionGuid = {2A5AD581-8848-4972-A9E5-2CFFC61601E4}
	EndGlobalSection
EndGlobal
