
Microsoft Visual Studio Solution File, Format Version 12.00
# Visual Studio Version 16
VisualStudioVersion = 16.0.31019.35
MinimumVisualStudioVersion = 10.0.40219.1
Project("{FAE04EC0-301F-11D3-BF4B-00C04F79EFBC}") = "Exercise 4.2", "Exercise 4.2\Exercise 4.2.csproj", "{5DABBAC7-7A27-4F00-8AEC-B3C58166CC8B}"
EndProject
Global
	GlobalSection(SolutionConfigurationPlatforms) = preSolution
		Debug|Any CPU = Debug|Any CPU
		Release|Any CPU = Release|Any CPU
	EndGlobalSection
	GlobalSection(ProjectConfigurationPlatforms) = postSolution
		{5DABBAC7-7A27-4F00-8AEC-B3C58166CC8B}.Debug|Any CPU.ActiveCfg = Debug|Any CPU
		{5DABBAC7-7A27-4F00-8AEC-B3C58166CC8B}.Debug|Any CPU.Build.0 = Debug|Any CPU
		{5DABBAC7-7A27-4F00-8AEC-B3C58166CC8B}.Release|Any CPU.ActiveCfg = Release|Any CPU
		{5DABBAC7-7A27-4F00-8AEC-B3C58166CC8B}.Release|Any CPU.Build.0 = Release|Any CPU
	EndGlobalSection
	GlobalSection(SolutionProperties) = preSolution
		HideSolutionNode = FALSE
	EndGlobalSection
	GlobalSection(ExtensibilityGlobals) = postSolution
		SolutionGuid = {88471FDE-B29C-46BC-81F2-367F82A833F5}
	EndGlobalSection
EndGlobal
